{
  "name": "seminar7",
  "version": "1.0.0",
  "lockfileVersion": 1,
  "requires": true,
  "dependencies": {
    "spelling": {
      "version": "2.0.2",
      "resolved": "https://registry.npmjs.org/spelling/-/spelling-2.0.2.tgz",
      "integrity": "sha512-LMcxpEV7clACLN5kTNuZNOElJOTysEFU3dRgwn8RvLt/7nhaiSB4RzrtlxS3FEcquLsOmkn+U+KRLYZnApxCfQ=="
    }
  }
}
